// !$*UTF8*$!
{
	archiveVersion = 1;
	classes = {
	};
	objectVersion = 56;
	objects = {

/* Begin PBXBuildFile section */
		0C3737F22C60DD3700880FB6 /* GoogleService-Info.plist in Resources */ = {isa = PBXBuildFile; fileRef = 0C3737F12C60DD3700880FB6 /* GoogleService-Info.plist */; };
		82311A003FF594355E6A41A7 /* Pods_NoctuaSDKExample.framework in Frameworks */ = {isa = PBXBuildFile; fileRef = 9D2786248B248CFB9BD0890E /* Pods_NoctuaSDKExample.framework */; };
		B135B7A92C5AF28B0091DCC8 /* NoctuaSDKExampleApp.swift in Sources */ = {isa = PBXBuildFile; fileRef = B135B7A82C5AF28B0091DCC8 /* NoctuaSDKExampleApp.swift */; };
		B135B7AB2C5AF28B0091DCC8 /* ContentView.swift in Sources */ = {isa = PBXBuildFile; fileRef = B135B7AA2C5AF28B0091DCC8 /* ContentView.swift */; };
		B135B7AD2C5AF28D0091DCC8 /* Assets.xcassets in Resources */ = {isa = PBXBuildFile; fileRef = B135B7AC2C5AF28D0091DCC8 /* Assets.xcassets */; };
		B135B7B02C5AF28D0091DCC8 /* Preview Assets.xcassets in Resources */ = {isa = PBXBuildFile; fileRef = B135B7AF2C5AF28D0091DCC8 /* Preview Assets.xcassets */; };
		B135B7BF2C5B3A8D0091DCC8 /* noctuagg.json in Resources */ = {isa = PBXBuildFile; fileRef = B135B7BE2C5B3A8D0091DCC8 /* noctuagg.json */; };
		CE680DF02EF54058009AFB20 /* NoctuaInternalSDK.xcframework in Frameworks */ = {isa = PBXBuildFile; fileRef = CE680DEF2EF54058009AFB20 /* NoctuaInternalSDK.xcframework */; };
		CE680DF12EF54058009AFB20 /* NoctuaInternalSDK.xcframework in Embed Frameworks */ = {isa = PBXBuildFile; fileRef = CE680DEF2EF54058009AFB20 /* NoctuaInternalSDK.xcframework */; settings = {ATTRIBUTES = (CodeSignOnCopy, RemoveHeadersOnCopy, ); }; };
/* End PBXBuildFile section */

/* Begin PBXCopyFilesBuildPhase section */
		CE680DF22EF54058009AFB20 /* Embed Frameworks */ = {
			isa = PBXCopyFilesBuildPhase;
			buildActionMask = 2147483647;
			dstPath = "";
			dstSubfolderSpec = 10;
			files = (
				CE680DF12EF54058009AFB20 /* NoctuaInternalSDK.xcframework in Embed Frameworks */,
			);
			name = "Embed Frameworks";
			runOnlyForDeploymentPostprocessing = 0;
		};
/* End PBXCopyFilesBuildPhase section */

/* Begin PBXFileReference section */
		0C3737F12C60DD3700880FB6 /* GoogleService-Info.plist */ = {isa = PBXFileReference; fileEncoding = 4; lastKnownFileType = text.plist.xml; path = "GoogleService-Info.plist"; sourceTree = "<group>"; };
		9C78F29337D4A6452743C1BB /* Pods-NoctuaSDKExample.release.xcconfig */ = {isa = PBXFileReference; includeInIndex = 1; lastKnownFileType = text.xcconfig; name = "Pods-NoctuaSDKExample.release.xcconfig"; path = "Target Support Files/Pods-NoctuaSDKExample/Pods-NoctuaSDKExample.release.xcconfig"; sourceTree = "<group>"; };
		9D2786248B248CFB9BD0890E /* Pods_NoctuaSDKExample.framework */ = {isa = PBXFileReference; explicitFileType = wrapper.framework; includeInIndex = 0; path = Pods_NoctuaSDKExample.framework; sourceTree = BUILT_PRODUCTS_DIR; };
		A70307F6CB40FF698CAB5F85 /* Pods-NoctuaSDKExample.debug.xcconfig */ = {isa = PBXFileReference; includeInIndex = 1; lastKnownFileType = text.xcconfig; name = "Pods-NoctuaSDKExample.debug.xcconfig"; path = "Target Support Files/Pods-NoctuaSDKExample/Pods-NoctuaSDKExample.debug.xcconfig"; sourceTree = "<group>"; };
		B10EAD112CDF17CB00BE236F /* NoctuaSDKExample.entitlements */ = {isa = PBXFileReference; lastKnownFileType = text.plist.entitlements; path = NoctuaSDKExample.entitlements; sourceTree = "<group>"; };
		B135B7A52C5AF28B0091DCC8 /* NoctuaSDKExample.app */ = {isa = PBXFileReference; explicitFileType = wrapper.application; includeInIndex = 0; path = NoctuaSDKExample.app; sourceTree = BUILT_PRODUCTS_DIR; };
		B135B7A82C5AF28B0091DCC8 /* NoctuaSDKExampleApp.swift */ = {isa = PBXFileReference; lastKnownFileType = sourcecode.swift; path = NoctuaSDKExampleApp.swift; sourceTree = "<group>"; };
		B135B7AA2C5AF28B0091DCC8 /* ContentView.swift */ = {isa = PBXFileReference; lastKnownFileType = sourcecode.swift; path = ContentView.swift; sourceTree = "<group>"; };
		B135B7AC2C5AF28D0091DCC8 /* Assets.xcassets */ = {isa = PBXFileReference; lastKnownFileType = folder.assetcatalog; path = Assets.xcassets; sourceTree = "<group>"; };
		B135B7AF2C5AF28D0091DCC8 /* Preview Assets.xcassets */ = {isa = PBXFileReference; lastKnownFileType = folder.assetcatalog; path = "Preview Assets.xcassets"; sourceTree = "<group>"; };
		B135B7B72C5B1B400091DCC8 /* NoctuaSDK.framework */ = {isa = PBXFileReference; explicitFileType = wrapper.framework; path = NoctuaSDK.framework; sourceTree = BUILT_PRODUCTS_DIR; };
		B135B7BE2C5B3A8D0091DCC8 /* noctuagg.json */ = {isa = PBXFileReference; lastKnownFileType = text.json; path = noctuagg.json; sourceTree = "<group>"; };
		B15F9B512C911AAD00006779 /* Info.plist */ = {isa = PBXFileReference; lastKnownFileType = text.plist; path = Info.plist; sourceTree = "<group>"; };
		CE680DEF2EF54058009AFB20 /* NoctuaInternalSDK.xcframework */ = {isa = PBXFileReference; lastKnownFileType = wrapper.xcframework; name = NoctuaInternalSDK.xcframework; path = "../../../noctua-internal-native-sdk/sdk/ios-sdk/release/NoctuaInternalSDK.xcframework"; sourceTree = "<group>"; };
/* End PBXFileReference section */

/* Begin PBXFrameworksBuildPhase section */
		B135B7A22C5AF28B0091DCC8 /* Frameworks */ = {
			isa = PBXFrameworksBuildPhase;
			buildActionMask = 2147483647;
			files = (
				CE680DF02EF54058009AFB20 /* NoctuaInternalSDK.xcframework in Frameworks */,
				82311A003FF594355E6A41A7 /* Pods_NoctuaSDKExample.framework in Frameworks */,
			);
			runOnlyForDeploymentPostprocessing = 0;
		};
/* End PBXFrameworksBuildPhase section */

/* Begin PBXGroup section */
		851C4F77F00A99145518D397 /* Pods */ = {
			isa = PBXGroup;
			children = (
				A70307F6CB40FF698CAB5F85 /* Pods-NoctuaSDKExample.debug.xcconfig */,
				9C78F29337D4A6452743C1BB /* Pods-NoctuaSDKExample.release.xcconfig */,
			);
			name = Pods;
			path = ../Pods;
			sourceTree = "<group>";
		};
		B135B79C2C5AF28B0091DCC8 = {
			isa = PBXGroup;
			children = (
				B135B7A72C5AF28B0091DCC8 /* NoctuaSDKExample */,
				B135B7A62C5AF28B0091DCC8 /* Products */,
				B135B7B62C5B1B400091DCC8 /* Frameworks */,
				851C4F77F00A99145518D397 /* Pods */,
			);
			sourceTree = "<group>";
		};
		B135B7A62C5AF28B0091DCC8 /* Products */ = {
			isa = PBXGroup;
			children = (
				B135B7A52C5AF28B0091DCC8 /* NoctuaSDKExample.app */,
			);
			name = Products;
			sourceTree = "<group>";
		};
		B135B7A72C5AF28B0091DCC8 /* NoctuaSDKExample */ = {
			isa = PBXGroup;
			children = (
				B10EAD112CDF17CB00BE236F /* NoctuaSDKExample.entitlements */,
				B15F9B512C911AAD00006779 /* Info.plist */,
				0C3737F12C60DD3700880FB6 /* GoogleService-Info.plist */,
				B135B7A82C5AF28B0091DCC8 /* NoctuaSDKExampleApp.swift */,
				B135B7AA2C5AF28B0091DCC8 /* ContentView.swift */,
				B135B7AC2C5AF28D0091DCC8 /* Assets.xcassets */,
				B135B7AE2C5AF28D0091DCC8 /* Preview Content */,
				B135B7BE2C5B3A8D0091DCC8 /* noctuagg.json */,
			);
			path = NoctuaSDKExample;
			sourceTree = "<group>";
		};
		B135B7AE2C5AF28D0091DCC8 /* Preview Content */ = {
			isa = PBXGroup;
			children = (
				B135B7AF2C5AF28D0091DCC8 /* Preview Assets.xcassets */,
			);
			path = "Preview Content";
			sourceTree = "<group>";
		};
		B135B7B62C5B1B400091DCC8 /* Frameworks */ = {
			isa = PBXGroup;
			children = (
				CE680DEF2EF54058009AFB20 /* NoctuaInternalSDK.xcframework */,
				B135B7B72C5B1B400091DCC8 /* NoctuaSDK.framework */,
				9D2786248B248CFB9BD0890E /* Pods_NoctuaSDKExample.framework */,
			);
			name = Frameworks;
			sourceTree = "<group>";
		};
/* End PBXGroup section */

/* Begin PBXNativeTarget section */
		B135B7A42C5AF28B0091DCC8 /* NoctuaSDKExample */ = {
			isa = PBXNativeTarget;
			buildConfigurationList = B135B7B32C5AF28D0091DCC8 /* Build configuration list for PBXNativeTarget "NoctuaSDKExample" */;
			buildPhases = (
				123ADAB4809E4C2378DFD4E8 /* [CP] Check Pods Manifest.lock */,
				B135B7A12C5AF28B0091DCC8 /* Sources */,
				B135B7A22C5AF28B0091DCC8 /* Frameworks */,
				B135B7A32C5AF28B0091DCC8 /* Resources */,
				CE680DF22EF54058009AFB20 /* Embed Frameworks */,
				1F60102835C76BFE000481B7 /* [CP] Embed Pods Frameworks */,
			);
			buildRules = (
			);
			dependencies = (
			);
			name = NoctuaSDKExample;
			productName = NoctuaSDKExample;
			productReference = B135B7A52C5AF28B0091DCC8 /* NoctuaSDKExample.app */;
			productType = "com.apple.product-type.application";
		};
/* End PBXNativeTarget section */

/* Begin PBXProject section */
		B135B79D2C5AF28B0091DCC8 /* Project object */ = {
			isa = PBXProject;
			attributes = {
				BuildIndependentTargetsInParallel = 1;
				LastSwiftUpdateCheck = 1540;
				LastUpgradeCheck = 1540;
				TargetAttributes = {
					B135B7A42C5AF28B0091DCC8 = {
						CreatedOnToolsVersion = 15.4;
					};
				};
			};
			buildConfigurationList = B135B7A02C5AF28B0091DCC8 /* Build configuration list for PBXProject "NoctuaSDKExample" */;
			compatibilityVersion = "Xcode 14.0";
			developmentRegion = en;
			hasScannedForEncodings = 0;
			knownRegions = (
				en,
				Base,
			);
			mainGroup = B135B79C2C5AF28B0091DCC8;
			productRefGroup = B135B7A62C5AF28B0091DCC8 /* Products */;
			projectDirPath = "";
			projectRoot = "";
			targets = (
				B135B7A42C5AF28B0091DCC8 /* NoctuaSDKExample */,
			);
		};
/* End PBXProject section */

/* Begin PBXResourcesBuildPhase section */
		B135B7A32C5AF28B0091DCC8 /* Resources */ = {
			isa = PBXResourcesBuildPhase;
			buildActionMask = 2147483647;
			files = (
				B135B7BF2C5B3A8D0091DCC8 /* noctuagg.json in Resources */,
				0C3737F22C60DD3700880FB6 /* GoogleService-Info.plist in Resources */,
				B135B7B02C5AF28D0091DCC8 /* Preview Assets.xcassets in Resources */,
				B135B7AD2C5AF28D0091DCC8 /* Assets.xcassets in Resources */,
			);
			runOnlyForDeploymentPostprocessing = 0;
		};
/* End PBXResourcesBuildPhase section */

/* Begin PBXShellScriptBuildPhase section */
		123ADAB4809E4C2378DFD4E8 /* [CP] Check Pods Manifest.lock */ = {
			isa = PBXShellScriptBuildPhase;
			buildActionMask = 2147483647;
			files = (
			);
			inputFileListPaths = (
			);
			inputPaths = (
				"${PODS_PODFILE_DIR_PATH}/Podfile.lock",
				"${PODS_ROOT}/Manifest.lock",
			);
			name = "[CP] Check Pods Manifest.lock";
			outputFileListPaths = (
			);
			outputPaths = (
				"$(DERIVED_FILE_DIR)/Pods-NoctuaSDKExample-checkManifestLockResult.txt",
			);
			runOnlyForDeploymentPostprocessing = 0;
			shellPath = /bin/sh;
			shellScript = "diff \"${PODS_PODFILE_DIR_PATH}/Podfile.lock\" \"${PODS_ROOT}/Manifest.lock\" > /dev/null\nif [ $? != 0 ] ; then\n    # print error to STDERR\n    echo \"error: The sandbox is not in sync with the Podfile.lock. Run 'pod install' or update your CocoaPods installation.\" >&2\n    exit 1\nfi\n# This output is used by Xcode 'outputs' to avoid re-running this script phase.\necho \"SUCCESS\" > \"${SCRIPT_OUTPUT_FILE_0}\"\n";
			showEnvVarsInLog = 0;
		};
		1F60102835C76BFE000481B7 /* [CP] Embed Pods Frameworks */ = {
			isa = PBXShellScriptBuildPhase;
			buildActionMask = 2147483647;
			files = (
			);
			inputFileListPaths = (
				"${PODS_ROOT}/Target Support Files/Pods-NoctuaSDKExample/Pods-NoctuaSDKExample-frameworks-${CONFIGURATION}-input-files.xcfilelist",
			);
			name = "[CP] Embed Pods Frameworks";
			outputFileListPaths = (
				"${PODS_ROOT}/Target Support Files/Pods-NoctuaSDKExample/Pods-NoctuaSDKExample-frameworks-${CONFIGURATION}-output-files.xcfilelist",
			);
			runOnlyForDeploymentPostprocessing = 0;
			shellPath = /bin/sh;
			shellScript = "\"${PODS_ROOT}/Target Support Files/Pods-NoctuaSDKExample/Pods-NoctuaSDKExample-frameworks.sh\"\n";
			showEnvVarsInLog = 0;
		};
/* End PBXShellScriptBuildPhase section */

/* Begin PBXSourcesBuildPhase section */
		B135B7A12C5AF28B0091DCC8 /* Sources */ = {
			isa = PBXSourcesBuildPhase;
			buildActionMask = 2147483647;
			files = (
				B135B7AB2C5AF28B0091DCC8 /* ContentView.swift in Sources */,
				B135B7A92C5AF28B0091DCC8 /* NoctuaSDKExampleApp.swift in Sources */,
			);
			runOnlyForDeploymentPostprocessing = 0;
		};
/* End PBXSourcesBuildPhase section */

/* Begin XCBuildConfiguration section */
		B135B7B12C5AF28D0091DCC8 /* Debug */ = {
			isa = XCBuildConfiguration;
			buildSettings = {
				ALWAYS_SEARCH_USER_PATHS = NO;
				ASSETCATALOG_COMPILER_GENERATE_SWIFT_ASSET_SYMBOL_EXTENSIONS = YES;
				CLANG_ANALYZER_NONNULL = YES;
				CLANG_ANALYZER_NUMBER_OBJECT_CONVERSION = YES_AGGRESSIVE;
				CLANG_CXX_LANGUAGE_STANDARD = "gnu++20";
				CLANG_ENABLE_MODULES = YES;
				CLANG_ENABLE_OBJC_ARC = YES;
				CLANG_ENABLE_OBJC_WEAK = YES;
				CLANG_WARN_BLOCK_CAPTURE_AUTORELEASING = YES;
				CLANG_WARN_BOOL_CONVERSION = YES;
				CLANG_WARN_COMMA = YES;
				CLANG_WARN_CONSTANT_CONVERSION = YES;
				CLANG_WARN_DEPRECATED_OBJC_IMPLEMENTATIONS = YES;
				CLANG_WARN_DIRECT_OBJC_ISA_USAGE = YES_ERROR;
				CLANG_WARN_DOCUMENTATION_COMMENTS = YES;
				CLANG_WARN_EMPTY_BODY = YES;
				CLANG_WARN_ENUM_CONVERSION = YES;
				CLANG_WARN_INFINITE_RECURSION = YES;
				CLANG_WARN_INT_CONVERSION = YES;
				CLANG_WARN_NON_LITERAL_NULL_CONVERSION = YES;
				CLANG_WARN_OBJC_IMPLICIT_RETAIN_SELF = YES;
				CLANG_WARN_OBJC_LITERAL_CONVERSION = YES;
				CLANG_WARN_OBJC_ROOT_CLASS = YES_ERROR;
				CLANG_WARN_QUOTED_INCLUDE_IN_FRAMEWORK_HEADER = YES;
				CLANG_WARN_RANGE_LOOP_ANALYSIS = YES;
				CLANG_WARN_STRICT_PROTOTYPES = YES;
				CLANG_WARN_SUSPICIOUS_MOVE = YES;
				CLANG_WARN_UNGUARDED_AVAILABILITY = YES_AGGRESSIVE;
				CLANG_WARN_UNREACHABLE_CODE = YES;
				CLANG_WARN__DUPLICATE_METHOD_MATCH = YES;
				COPY_PHASE_STRIP = NO;
				DEBUG_INFORMATION_FORMAT = dwarf;
				ENABLE_STRICT_OBJC_MSGSEND = YES;
				ENABLE_TESTABILITY = YES;
				ENABLE_USER_SCRIPT_SANDBOXING = YES;
				GCC_C_LANGUAGE_STANDARD = gnu17;
				GCC_DYNAMIC_NO_PIC = NO;
				GCC_NO_COMMON_BLOCKS = YES;
				GCC_OPTIMIZATION_LEVEL = 0;
				GCC_PREPROCESSOR_DEFINITIONS = (
					"DEBUG=1",
					"$(inherited)",
				);
				GCC_WARN_64_TO_32_BIT_CONVERSION = YES;
				GCC_WARN_ABOUT_RETURN_TYPE = YES_ERROR;
				GCC_WARN_UNDECLARED_SELECTOR = YES;
				GCC_WARN_UNINITIALIZED_AUTOS = YES_AGGRESSIVE;
				GCC_WARN_UNUSED_FUNCTION = YES;
				GCC_WARN_UNUSED_VARIABLE = YES;
				IPHONEOS_DEPLOYMENT_TARGET = 17.5;
				LOCALIZATION_PREFERS_STRING_CATALOGS = YES;
				MTL_ENABLE_DEBUG_INFO = INCLUDE_SOURCE;
				MTL_FAST_MATH = YES;
				ONLY_ACTIVE_ARCH = YES;
				SDKROOT = iphoneos;
				SWIFT_ACTIVE_COMPILATION_CONDITIONS = "DEBUG $(inherited)";
				SWIFT_OPTIMIZATION_LEVEL = "-Onone";
			};
			name = Debug;
		};
		B135B7B22C5AF28D0091DCC8 /* Release */ = {
			isa = XCBuildConfiguration;
			buildSettings = {
				ALWAYS_SEARCH_USER_PATHS = NO;
				ASSETCATALOG_COMPILER_GENERATE_SWIFT_ASSET_SYMBOL_EXTENSIONS = YES;
				CLANG_ANALYZER_NONNULL = YES;
				CLANG_ANALYZER_NUMBER_OBJECT_CONVERSION = YES_AGGRESSIVE;
				CLANG_CXX_LANGUAGE_STANDARD = "gnu++20";
				CLANG_ENABLE_MODULES = YES;
				CLANG_ENABLE_OBJC_ARC = YES;
				CLANG_ENABLE_OBJC_WEAK = YES;
				CLANG_WARN_BLOCK_CAPTURE_AUTORELEASING = YES;
				CLANG_WARN_BOOL_CONVERSION = YES;
				CLANG_WARN_COMMA = YES;
				CLANG_WARN_CONSTANT_CONVERSION = YES;
				CLANG_WARN_DEPRECATED_OBJC_IMPLEMENTATIONS = YES;
				CLANG_WARN_DIRECT_OBJC_ISA_USAGE = YES_ERROR;
				CLANG_WARN_DOCUMENTATION_COMMENTS = YES;
				CLANG_WARN_EMPTY_BODY = YES;
				CLANG_WARN_ENUM_CONVERSION = YES;
				CLANG_WARN_INFINITE_RECURSION = YES;
				CLANG_WARN_INT_CONVERSION = YES;
				CLANG_WARN_NON_LITERAL_NULL_CONVERSION = YES;
				CLANG_WARN_OBJC_IMPLICIT_RETAIN_SELF = YES;
				CLANG_WARN_OBJC_LITERAL_CONVERSION = YES;
				CLANG_WARN_OBJC_ROOT_CLASS = YES_ERROR;
				CLANG_WARN_QUOTED_INCLUDE_IN_FRAMEWORK_HEADER = YES;
				CLANG_WARN_RANGE_LOOP_ANALYSIS = YES;
				CLANG_WARN_STRICT_PROTOTYPES = YES;
				CLANG_WARN_SUSPICIOUS_MOVE = YES;
				CLANG_WARN_UNGUARDED_AVAILABILITY = YES_AGGRESSIVE;
				CLANG_WARN_UNREACHABLE_CODE = YES;
				CLANG_WARN__DUPLICATE_METHOD_MATCH = YES;
				COPY_PHASE_STRIP = NO;
				DEBUG_INFORMATION_FORMAT = "dwarf-with-dsym";
				ENABLE_NS_ASSERTIONS = NO;
				ENABLE_STRICT_OBJC_MSGSEND = YES;
				ENABLE_USER_SCRIPT_SANDBOXING = YES;
				GCC_C_LANGUAGE_STANDARD = gnu17;
				GCC_NO_COMMON_BLOCKS = YES;
				GCC_WARN_64_TO_32_BIT_CONVERSION = YES;
				GCC_WARN_ABOUT_RETURN_TYPE = YES_ERROR;
				GCC_WARN_UNDECLARED_SELECTOR = YES;
				GCC_WARN_UNINITIALIZED_AUTOS = YES_AGGRESSIVE;
				GCC_WARN_UNUSED_FUNCTION = YES;
				GCC_WARN_UNUSED_VARIABLE = YES;
				IPHONEOS_DEPLOYMENT_TARGET = 17.5;
				LOCALIZATION_PREFERS_STRING_CATALOGS = YES;
				MTL_ENABLE_DEBUG_INFO = NO;
				MTL_FAST_MATH = YES;
				SDKROOT = iphoneos;
				SWIFT_COMPILATION_MODE = wholemodule;
				VALIDATE_PRODUCT = YES;
			};
			name = Release;
		};
		B135B7B42C5AF28D0091DCC8 /* Debug */ = {
			isa = XCBuildConfiguration;
			baseConfigurationReference = A70307F6CB40FF698CAB5F85 /* Pods-NoctuaSDKExample.debug.xcconfig */;
			buildSettings = {
				ASSETCATALOG_COMPILER_APPICON_NAME = AppIcon;
				ASSETCATALOG_COMPILER_GLOBAL_ACCENT_COLOR_NAME = AccentColor;
				CODE_SIGN_ENTITLEMENTS = NoctuaSDKExample/NoctuaSDKExample.entitlements;
				CODE_SIGN_IDENTITY = "Apple Development";
				CODE_SIGN_STYLE = Automatic;
				CURRENT_PROJECT_VERSION = 1;
				DEVELOPMENT_ASSET_PATHS = "\"NoctuaSDKExample/Preview Content\"";
				DEVELOPMENT_TEAM = 2TFDF8BB6J;
				ENABLE_PREVIEWS = YES;
				ENABLE_USER_SCRIPT_SANDBOXING = NO;
				GENERATE_INFOPLIST_FILE = YES;
				INFOPLIST_FILE = NoctuaSDKExample/Info.plist;
				INFOPLIST_KEY_CFBundleDisplayName = "iOS SDK Test";
				INFOPLIST_KEY_LSApplicationCategoryType = "public.app-category.games";
				INFOPLIST_KEY_UIApplicationSceneManifest_Generation = YES;
				INFOPLIST_KEY_UIApplicationSupportsIndirectInputEvents = YES;
				INFOPLIST_KEY_UILaunchScreen_Generation = YES;
				INFOPLIST_KEY_UISupportedInterfaceOrientations_iPad = "UIInterfaceOrientationPortrait UIInterfaceOrientationPortraitUpsideDown UIInterfaceOrientationLandscapeLeft UIInterfaceOrientationLandscapeRight";
				INFOPLIST_KEY_UISupportedInterfaceOrientations_iPhone = "UIInterfaceOrientationPortrait UIInterfaceOrientationLandscapeLeft UIInterfaceOrientationLandscapeRight";
				IPHONEOS_DEPLOYMENT_TARGET = 14.0;
				LD_RUNPATH_SEARCH_PATHS = (
					"$(inherited)",
					"@executable_path/Frameworks",
				);
				MARKETING_VERSION = 1.0;
				MERGEABLE_LIBRARY = NO;
				MERGED_BINARY_TYPE = automatic;
				PRODUCT_BUNDLE_IDENTIFIER = com.noctuagames.ios.sdktest;
				PRODUCT_NAME = "$(TARGET_NAME)";
				PROVISIONING_PROFILE_SPECIFIER = "";
				SWIFT_EMIT_LOC_STRINGS = YES;
				SWIFT_VERSION = 5.0;
				TARGETED_DEVICE_FAMILY = "1,2";
			};
			name = Debug;
		};
		B135B7B52C5AF28D0091DCC8 /* Release */ = {
			isa = XCBuildConfiguration;
			baseConfigurationReference = 9C78F29337D4A6452743C1BB /* Pods-NoctuaSDKExample.release.xcconfig */;
			buildSettings = {
				ASSETCATALOG_COMPILER_APPICON_NAME = AppIcon;
				ASSETCATALOG_COMPILER_GLOBAL_ACCENT_COLOR_NAME = AccentColor;
				CODE_SIGN_ENTITLEMENTS = NoctuaSDKExample/NoctuaSDKExample.entitlements;
				CODE_SIGN_IDENTITY = "Apple Development";
				CODE_SIGN_STYLE = Automatic;
				CURRENT_PROJECT_VERSION = 1;
				DEVELOPMENT_ASSET_PATHS = "\"NoctuaSDKExample/Preview Content\"";
				DEVELOPMENT_TEAM = 2TFDF8BB6J;
				ENABLE_PREVIEWS = YES;
				ENABLE_USER_SCRIPT_SANDBOXING = NO;
				GENERATE_INFOPLIST_FILE = YES;
				INFOPLIST_FILE = NoctuaSDKExample/Info.plist;
				INFOPLIST_KEY_CFBundleDisplayName = "iOS SDK Test";
				INFOPLIST_KEY_LSApplicationCategoryType = "public.app-category.games";
				INFOPLIST_KEY_UIApplicationSceneManifest_Generation = YES;
				INFOPLIST_KEY_UIApplicationSupportsIndirectInputEvents = YES;
				INFOPLIST_KEY_UILaunchScreen_Generation = YES;
				INFOPLIST_KEY_UISupportedInterfaceOrientations_iPad = "UIInterfaceOrientationPortrait UIInterfaceOrientationPortraitUpsideDown UIInterfaceOrientationLandscapeLeft UIInterfaceOrientationLandscapeRight";
				INFOPLIST_KEY_UISupportedInterfaceOrientations_iPhone = "UIInterfaceOrientationPortrait UIInterfaceOrientationLandscapeLeft UIInterfaceOrientationLandscapeRight";
				IPHONEOS_DEPLOYMENT_TARGET = 14.0;
				LD_RUNPATH_SEARCH_PATHS = (
					"$(inherited)",
					"@executable_path/Frameworks",
				);
				MARKETING_VERSION = 1.0;
				MERGEABLE_LIBRARY = NO;
				MERGED_BINARY_TYPE = automatic;
				PRODUCT_BUNDLE_IDENTIFIER = com.noctuagames.ios.sdktest;
				PRODUCT_NAME = "$(TARGET_NAME)";
				PROVISIONING_PROFILE_SPECIFIER = "";
				SWIFT_EMIT_LOC_STRINGS = YES;
				SWIFT_VERSION = 5.0;
				TARGETED_DEVICE_FAMILY = "1,2";
			};
			name = Release;
		};
/* End XCBuildConfiguration section */

/* Begin XCConfigurationList section */
		B135B7A02C5AF28B0091DCC8 /* Build configuration list for PBXProject "NoctuaSDKExample" */ = {
			isa = XCConfigurationList;
			buildConfigurations = (
				B135B7B12C5AF28D0091DCC8 /* Debug */,
				B135B7B22C5AF28D0091DCC8 /* Release */,
			);
			defaultConfigurationIsVisible = 0;
			defaultConfigurationName = Debug;
		};
		B135B7B32C5AF28D0091DCC8 /* Build configuration list for PBXNativeTarget "NoctuaSDKExample" */ = {
			isa = XCConfigurationList;
			buildConfigurations = (
				B135B7B42C5AF28D0091DCC8 /* Debug */,
				B135B7B52C5AF28D0091DCC8 /* Release */,
			);
			defaultConfigurationIsVisible = 0;
			defaultConfigurationName = Debug;
		};
/* End XCConfigurationList section */
	};
	rootObject = B135B79D2C5AF28B0091DCC8 /* Project object */;
}
