// !$*UTF8*$!
{
	archiveVersion = 1;
	classes = {
	};
	objectVersion = 56;
	objects = {

/* Begin PBXBuildFile section */
		0C3737F22C60DD3700880FB6 /* GoogleService-Info.plist in Resources */ = {isa = PBXBuildFile; fileRef = 0C3737F12C60DD3700880FB6 /* GoogleService-Info.plist */; };
		10A46434FC001CF213DB93F7 /* MockAccountRepository.swift in Sources */ = {isa = PBXBuildFile; fileRef = 7B9E631D532AB7166ACBDA38 /* MockAccountRepository.swift */; };
		117B8C9D0E1F2A3B4C5D6E7F /* LifecycleSection.swift in Sources */ = {isa = PBXBuildFile; fileRef = CC3D4E5F6A7B8C9D0E1F2A3B /* LifecycleSection.swift */; };
		152C7092FC7D0BF7E4EDAA7F /* NoctuaConfigTests.swift in Sources */ = {isa = PBXBuildFile; fileRef = B3B4AC4CBDB3E87964268B0E /* NoctuaConfigTests.swift */; };
		228C9D0E1F2A3B4C5D6E7F8A /* EventStorageSection.swift in Sources */ = {isa = PBXBuildFile; fileRef = DD4E5F6A7B8C9D0E1F2A3B4C /* EventStorageSection.swift */; };
		2BF661B2362F5516E344A15E /* StoreKitPresenterTests.swift in Sources */ = {isa = PBXBuildFile; fileRef = 80DF0367C166B4C482D74369 /* StoreKitPresenterTests.swift */; };
		31A25B0BBAA7A8D8356B607C /* MockTrackerService.swift in Sources */ = {isa = PBXBuildFile; fileRef = AEE2FAFC2B922341AE8B1E58 /* MockTrackerService.swift */; };
		3A13D78E31DACD7079F7D7DC /* NoctuaPublicAPITests.swift in Sources */ = {isa = PBXBuildFile; fileRef = C22081DF2EDBA5426CCB8590 /* NoctuaPublicAPITests.swift */; };
		3F001B674EB6C4F982B28FE8 /* MockStoreKitService.swift in Sources */ = {isa = PBXBuildFile; fileRef = 37CB17B39C857C40A8BF0210 /* MockStoreKitService.swift */; };
		41A011E97EB202C1962E87D5 /* noctuagg_valid.json in Resources */ = {isa = PBXBuildFile; fileRef = 53905BD88203F35152AB9AE7 /* noctuagg_valid.json */; };
		498B145B83AB9D1985D68228 /* StoreKitSection.swift in Sources */ = {isa = PBXBuildFile; fileRef = F69581917A977A6307DB3A17 /* StoreKitSection.swift */; };
		54661D70E24233555C250BB7 /* StoreKitModelTests.swift in Sources */ = {isa = PBXBuildFile; fileRef = C7B7187600DF3A0A6C022358 /* StoreKitModelTests.swift */; };
		60D71C65CBEE4E1F1B3C365C /* Foundation.framework in Frameworks */ = {isa = PBXBuildFile; fileRef = 0BCFE414F089C6272C8B9016 /* Foundation.framework */; };
		70443C88AC5C72F80BFD9246 /* noctuagg_invalid.json in Resources */ = {isa = PBXBuildFile; fileRef = 9D83EF1D2F422023CB46ABFE /* noctuagg_invalid.json */; };
		726385D5142032371CFBCB4E /* Pods_NoctuaSDKTests.framework in Frameworks */ = {isa = PBXBuildFile; fileRef = D5D905E9A19670A0C3761DB6 /* Pods_NoctuaSDKTests.framework */; };
		850345BE6F782AED56B81F84 /* CurrencyQueryServiceTests.swift in Sources */ = {isa = PBXBuildFile; fileRef = FCB2F44930246D4EA0046468 /* CurrencyQueryServiceTests.swift */; };
		8E70A278320838F3403B5DC4 /* AccountModelTests.swift in Sources */ = {isa = PBXBuildFile; fileRef = 5CB36617E4C7187505EC82F6 /* AccountModelTests.swift */; };
		9A65F2623575F8C63273A403 /* SectionCard.swift in Sources */ = {isa = PBXBuildFile; fileRef = CD51ABE80E18EC7C8A3BC00A /* SectionCard.swift */; };
		9AE87070E719B29127351382 /* TrackingSection.swift in Sources */ = {isa = PBXBuildFile; fileRef = 1E2A644C035078285E3C281E /* TrackingSection.swift */; };
		A4D2F8B92C862D4705B88F22 /* SessionPresenterTests.swift in Sources */ = {isa = PBXBuildFile; fileRef = 4E785285A45C3AF0D8A2F7A4 /* SessionPresenterTests.swift */; };
		A8F5408273D06ABE1CB5C027 /* OtherSection.swift in Sources */ = {isa = PBXBuildFile; fileRef = 2763EFCD75B967592F03186F /* OtherSection.swift */; };
		B135B7A92C5AF28B0091DCC8 /* NoctuaSDKExampleApp.swift in Sources */ = {isa = PBXBuildFile; fileRef = B135B7A82C5AF28B0091DCC8 /* NoctuaSDKExampleApp.swift */; };
		B135B7AB2C5AF28B0091DCC8 /* ContentView.swift in Sources */ = {isa = PBXBuildFile; fileRef = B135B7AA2C5AF28B0091DCC8 /* ContentView.swift */; };
		B135B7AD2C5AF28D0091DCC8 /* Assets.xcassets in Resources */ = {isa = PBXBuildFile; fileRef = B135B7AC2C5AF28D0091DCC8 /* Assets.xcassets */; };
		B135B7B02C5AF28D0091DCC8 /* Preview Assets.xcassets in Resources */ = {isa = PBXBuildFile; fileRef = B135B7AF2C5AF28D0091DCC8 /* Preview Assets.xcassets */; };
		B135B7BF2C5B3A8D0091DCC8 /* noctuagg.json in Resources */ = {isa = PBXBuildFile; fileRef = B135B7BE2C5B3A8D0091DCC8 /* noctuagg.json */; };
		B2FF777D8B47AD8495ACD82D /* MockAdjustSpecific.swift in Sources */ = {isa = PBXBuildFile; fileRef = 6F3998C9EA6C95C3BF0D0281 /* MockAdjustSpecific.swift */; };
		B44AE72B79E15275BAC520FD /* MockNoctuaInternalService.swift in Sources */ = {isa = PBXBuildFile; fileRef = F1E1D4F40911E286EC42B17F /* MockNoctuaInternalService.swift */; };
		B995FE3A05D1C33B1FFB823F /* TrackerPresenterTests.swift in Sources */ = {isa = PBXBuildFile; fileRef = C92BCF9EF0F81E4BDF6E89E8 /* TrackerPresenterTests.swift */; };
		BFA45D72AB7F336DB5DC3A4B /* noctuagg_empty_clientid.json in Resources */ = {isa = PBXBuildFile; fileRef = F172DEB83CA2B5F87FB9FC6F /* noctuagg_empty_clientid.json */; };
		C3E2F9CCB9EE640ED577BADC /* MockFirebaseQueryService.swift in Sources */ = {isa = PBXBuildFile; fileRef = AC7C67BD9E72ABBB73A4D7B1 /* MockFirebaseQueryService.swift */; };
		C7889FD59422BD434E310BEA /* MockNoctuaLogger.swift in Sources */ = {isa = PBXBuildFile; fileRef = FA308DAE2789BF57B3B7AE66 /* MockNoctuaLogger.swift */; };
		CE680DF02EF54058009AFB20 /* NoctuaInternalSDK.xcframework in Frameworks */ = {isa = PBXBuildFile; fileRef = CE680DEF2EF54058009AFB20 /* NoctuaInternalSDK.xcframework */; };
		CE680DF12EF54058009AFB20 /* NoctuaInternalSDK.xcframework in Embed Frameworks */ = {isa = PBXBuildFile; fileRef = CE680DEF2EF54058009AFB20 /* NoctuaInternalSDK.xcframework */; settings = {ATTRIBUTES = (CodeSignOnCopy, RemoveHeadersOnCopy, ); }; };
		CF224E0FF3883E58120F11E4 /* NoctuaErrorTests.swift in Sources */ = {isa = PBXBuildFile; fileRef = F5360DE41D3567BB2C801A7C /* NoctuaErrorTests.swift */; };
		D12149303480339B1E2D8D69 /* TestHelpers.swift in Sources */ = {isa = PBXBuildFile; fileRef = E1DBBA69B5215FB9082E45DB /* TestHelpers.swift */; };
		D4E5F6A7B8C9D0E1F2A3B4C5 /* StoreKit1ServiceTests.swift in Sources */ = {isa = PBXBuildFile; fileRef = A1B2C3D4E5F6A7B8C9D0E1F2 /* StoreKit1ServiceTests.swift */; };
		E5F6A7B8C9D0E1F2A3B4C5D6 /* MockPaymentQueue.swift in Sources */ = {isa = PBXBuildFile; fileRef = B2C3D4E5F6A7B8C9D0E1F2A3 /* MockPaymentQueue.swift */; };
		F6A7B8C9D0E1F2A3B4C5D6E7 /* MockSKPaymentTransaction.swift in Sources */ = {isa = PBXBuildFile; fileRef = C3D4E5F6A7B8C9D0E1F2A3B4 /* MockSKPaymentTransaction.swift */; };
		D25119BE80452416BBD02B51 /* Pods_NoctuaSDKExample.framework in Frameworks */ = {isa = PBXBuildFile; fileRef = B8DC793FA6DDB617F1C9253F /* Pods_NoctuaSDKExample.framework */; };
		E8C578FEDBBA952F99EF4742 /* AccountSection.swift in Sources */ = {isa = PBXBuildFile; fileRef = A28F7E910D9DBB1590E06C75 /* AccountSection.swift */; };
		EE5F6A7B8C9D0E1F2A3B4C5D /* FirebaseSection.swift in Sources */ = {isa = PBXBuildFile; fileRef = AA1B2C3D4E5F6A7B8C9D0E1F /* FirebaseSection.swift */; };
		F9F58F8DCA1487E1D0DA0F8F /* SharedStyles.swift in Sources */ = {isa = PBXBuildFile; fileRef = 52C2792A227EEE3DEA87F830 /* SharedStyles.swift */; };
		FEFBCC2571EB652A30D89EBF /* AccountPresenterTests.swift in Sources */ = {isa = PBXBuildFile; fileRef = 59A6405144F1FDFADB685C2A /* AccountPresenterTests.swift */; };
		FF6A7B8C9D0E1F2A3B4C5D6E /* SessionSection.swift in Sources */ = {isa = PBXBuildFile; fileRef = BB2C3D4E5F6A7B8C9D0E1F2A /* SessionSection.swift */; };
/* End PBXBuildFile section */

/* Begin PBXContainerItemProxy section */
		5342114CDD9B8400ADCFBCAB /* PBXContainerItemProxy */ = {
			isa = PBXContainerItemProxy;
			containerPortal = B135B79D2C5AF28B0091DCC8 /* Project object */;
			proxyType = 1;
			remoteGlobalIDString = B135B7A42C5AF28B0091DCC8;
			remoteInfo = NoctuaSDKExample;
		};
/* End PBXContainerItemProxy section */

/* Begin PBXCopyFilesBuildPhase section */
		CE680DF22EF54058009AFB20 /* Embed Frameworks */ = {
			isa = PBXCopyFilesBuildPhase;
			buildActionMask = 2147483647;
			dstPath = "";
			dstSubfolderSpec = 10;
			files = (
				CE680DF12EF54058009AFB20 /* NoctuaInternalSDK.xcframework in Embed Frameworks */,
			);
			name = "Embed Frameworks";
			runOnlyForDeploymentPostprocessing = 0;
		};
/* End PBXCopyFilesBuildPhase section */

/* Begin PBXFileReference section */
		0BCFE414F089C6272C8B9016 /* Foundation.framework */ = {isa = PBXFileReference; lastKnownFileType = wrapper.framework; name = Foundation.framework; path = Platforms/iPhoneOS.platform/Developer/SDKs/iPhoneOS18.0.sdk/System/Library/Frameworks/Foundation.framework; sourceTree = DEVELOPER_DIR; };
		0C3737F12C60DD3700880FB6 /* GoogleService-Info.plist */ = {isa = PBXFileReference; fileEncoding = 4; lastKnownFileType = text.plist.xml; path = "GoogleService-Info.plist"; sourceTree = "<group>"; };
		1A95B2058782FF9CE2E2B3CE /* NoctuaSDKTests.xctest */ = {isa = PBXFileReference; explicitFileType = wrapper.cfbundle; includeInIndex = 0; path = NoctuaSDKTests.xctest; sourceTree = BUILT_PRODUCTS_DIR; };
		1E2A644C035078285E3C281E /* TrackingSection.swift */ = {isa = PBXFileReference; lastKnownFileType = sourcecode.swift; path = TrackingSection.swift; sourceTree = "<group>"; };
		2763EFCD75B967592F03186F /* OtherSection.swift */ = {isa = PBXFileReference; lastKnownFileType = sourcecode.swift; path = OtherSection.swift; sourceTree = "<group>"; };
		2B60D516F2353BB29B88FE25 /* Pods-NoctuaSDKTests.debug.xcconfig */ = {isa = PBXFileReference; includeInIndex = 1; lastKnownFileType = text.xcconfig; name = "Pods-NoctuaSDKTests.debug.xcconfig"; path = "Target Support Files/Pods-NoctuaSDKTests/Pods-NoctuaSDKTests.debug.xcconfig"; sourceTree = "<group>"; };
		37CB17B39C857C40A8BF0210 /* MockStoreKitService.swift */ = {isa = PBXFileReference; includeInIndex = 1; lastKnownFileType = sourcecode.swift; path = MockStoreKitService.swift; sourceTree = "<group>"; };
		4E785285A45C3AF0D8A2F7A4 /* SessionPresenterTests.swift */ = {isa = PBXFileReference; includeInIndex = 1; lastKnownFileType = sourcecode.swift; path = SessionPresenterTests.swift; sourceTree = "<group>"; };
		52C2792A227EEE3DEA87F830 /* SharedStyles.swift */ = {isa = PBXFileReference; lastKnownFileType = sourcecode.swift; path = SharedStyles.swift; sourceTree = "<group>"; };
		53905BD88203F35152AB9AE7 /* noctuagg_valid.json */ = {isa = PBXFileReference; includeInIndex = 1; lastKnownFileType = text.json; path = noctuagg_valid.json; sourceTree = "<group>"; };
		59A6405144F1FDFADB685C2A /* AccountPresenterTests.swift */ = {isa = PBXFileReference; includeInIndex = 1; lastKnownFileType = sourcecode.swift; path = AccountPresenterTests.swift; sourceTree = "<group>"; };
		5CB36617E4C7187505EC82F6 /* AccountModelTests.swift */ = {isa = PBXFileReference; includeInIndex = 1; lastKnownFileType = sourcecode.swift; path = AccountModelTests.swift; sourceTree = "<group>"; };
		6D45EF21E547B3BCA2A0F09E /* Pods-NoctuaSDKTests.release.xcconfig */ = {isa = PBXFileReference; includeInIndex = 1; lastKnownFileType = text.xcconfig; name = "Pods-NoctuaSDKTests.release.xcconfig"; path = "Target Support Files/Pods-NoctuaSDKTests/Pods-NoctuaSDKTests.release.xcconfig"; sourceTree = "<group>"; };
		6F3998C9EA6C95C3BF0D0281 /* MockAdjustSpecific.swift */ = {isa = PBXFileReference; includeInIndex = 1; lastKnownFileType = sourcecode.swift; path = MockAdjustSpecific.swift; sourceTree = "<group>"; };
		7B9E631D532AB7166ACBDA38 /* MockAccountRepository.swift */ = {isa = PBXFileReference; includeInIndex = 1; lastKnownFileType = sourcecode.swift; path = MockAccountRepository.swift; sourceTree = "<group>"; };
		80DF0367C166B4C482D74369 /* StoreKitPresenterTests.swift */ = {isa = PBXFileReference; includeInIndex = 1; lastKnownFileType = sourcecode.swift; path = StoreKitPresenterTests.swift; sourceTree = "<group>"; };
		9D83EF1D2F422023CB46ABFE /* noctuagg_invalid.json */ = {isa = PBXFileReference; includeInIndex = 1; lastKnownFileType = text.json; path = noctuagg_invalid.json; sourceTree = "<group>"; };
		A1B2C3D4E5F6A7B8C9D0E1F2 /* StoreKit1ServiceTests.swift */ = {isa = PBXFileReference; includeInIndex = 1; lastKnownFileType = sourcecode.swift; path = StoreKit1ServiceTests.swift; sourceTree = "<group>"; };
		A28F7E910D9DBB1590E06C75 /* AccountSection.swift */ = {isa = PBXFileReference; lastKnownFileType = sourcecode.swift; path = AccountSection.swift; sourceTree = "<group>"; };
		AA1B2C3D4E5F6A7B8C9D0E1F /* FirebaseSection.swift */ = {isa = PBXFileReference; lastKnownFileType = sourcecode.swift; path = FirebaseSection.swift; sourceTree = "<group>"; };
		AC7C67BD9E72ABBB73A4D7B1 /* MockFirebaseQueryService.swift */ = {isa = PBXFileReference; includeInIndex = 1; lastKnownFileType = sourcecode.swift; path = MockFirebaseQueryService.swift; sourceTree = "<group>"; };
		AEE2FAFC2B922341AE8B1E58 /* MockTrackerService.swift */ = {isa = PBXFileReference; includeInIndex = 1; lastKnownFileType = sourcecode.swift; path = MockTrackerService.swift; sourceTree = "<group>"; };
		B10EAD112CDF17CB00BE236F /* NoctuaSDKExample.entitlements */ = {isa = PBXFileReference; lastKnownFileType = text.plist.entitlements; path = NoctuaSDKExample.entitlements; sourceTree = "<group>"; };
		B2C3D4E5F6A7B8C9D0E1F2A3 /* MockPaymentQueue.swift */ = {isa = PBXFileReference; includeInIndex = 1; lastKnownFileType = sourcecode.swift; path = MockPaymentQueue.swift; sourceTree = "<group>"; };
		B135B7A52C5AF28B0091DCC8 /* NoctuaSDKExample.app */ = {isa = PBXFileReference; explicitFileType = wrapper.application; includeInIndex = 0; path = NoctuaSDKExample.app; sourceTree = BUILT_PRODUCTS_DIR; };
		B135B7A82C5AF28B0091DCC8 /* NoctuaSDKExampleApp.swift */ = {isa = PBXFileReference; lastKnownFileType = sourcecode.swift; path = NoctuaSDKExampleApp.swift; sourceTree = "<group>"; };
		B135B7AA2C5AF28B0091DCC8 /* ContentView.swift */ = {isa = PBXFileReference; lastKnownFileType = sourcecode.swift; path = ContentView.swift; sourceTree = "<group>"; };
		B135B7AC2C5AF28D0091DCC8 /* Assets.xcassets */ = {isa = PBXFileReference; lastKnownFileType = folder.assetcatalog; path = Assets.xcassets; sourceTree = "<group>"; };
		B135B7AF2C5AF28D0091DCC8 /* Preview Assets.xcassets */ = {isa = PBXFileReference; lastKnownFileType = folder.assetcatalog; path = "Preview Assets.xcassets"; sourceTree = "<group>"; };
		B135B7B72C5B1B400091DCC8 /* NoctuaSDK.framework */ = {isa = PBXFileReference; explicitFileType = wrapper.framework; path = NoctuaSDK.framework; sourceTree = BUILT_PRODUCTS_DIR; };
		B135B7BE2C5B3A8D0091DCC8 /* noctuagg.json */ = {isa = PBXFileReference; lastKnownFileType = text.json; path = noctuagg.json; sourceTree = "<group>"; };
		B15F9B512C911AAD00006779 /* Info.plist */ = {isa = PBXFileReference; lastKnownFileType = text.plist; path = Info.plist; sourceTree = "<group>"; };
		B17408164C419F3C0F0A0E26 /* NoctuaSDKTests.xctest */ = {isa = PBXFileReference; explicitFileType = wrapper.cfbundle; includeInIndex = 0; path = NoctuaSDKTests.xctest; sourceTree = BUILT_PRODUCTS_DIR; };
		B3B4AC4CBDB3E87964268B0E /* NoctuaConfigTests.swift */ = {isa = PBXFileReference; includeInIndex = 1; lastKnownFileType = sourcecode.swift; path = NoctuaConfigTests.swift; sourceTree = "<group>"; };
		B8DC793FA6DDB617F1C9253F /* Pods_NoctuaSDKExample.framework */ = {isa = PBXFileReference; explicitFileType = wrapper.framework; includeInIndex = 0; path = Pods_NoctuaSDKExample.framework; sourceTree = BUILT_PRODUCTS_DIR; };
		BB2C3D4E5F6A7B8C9D0E1F2A /* SessionSection.swift */ = {isa = PBXFileReference; lastKnownFileType = sourcecode.swift; path = SessionSection.swift; sourceTree = "<group>"; };
		C22081DF2EDBA5426CCB8590 /* NoctuaPublicAPITests.swift */ = {isa = PBXFileReference; includeInIndex = 1; lastKnownFileType = sourcecode.swift; path = NoctuaPublicAPITests.swift; sourceTree = "<group>"; };
		C3D4E5F6A7B8C9D0E1F2A3B4 /* MockSKPaymentTransaction.swift */ = {isa = PBXFileReference; includeInIndex = 1; lastKnownFileType = sourcecode.swift; path = MockSKPaymentTransaction.swift; sourceTree = "<group>"; };
		C7B7187600DF3A0A6C022358 /* StoreKitModelTests.swift */ = {isa = PBXFileReference; includeInIndex = 1; lastKnownFileType = sourcecode.swift; path = StoreKitModelTests.swift; sourceTree = "<group>"; };
		C92BCF9EF0F81E4BDF6E89E8 /* TrackerPresenterTests.swift */ = {isa = PBXFileReference; includeInIndex = 1; lastKnownFileType = sourcecode.swift; path = TrackerPresenterTests.swift; sourceTree = "<group>"; };
		CC3D4E5F6A7B8C9D0E1F2A3B /* LifecycleSection.swift */ = {isa = PBXFileReference; lastKnownFileType = sourcecode.swift; path = LifecycleSection.swift; sourceTree = "<group>"; };
		CD51ABE80E18EC7C8A3BC00A /* SectionCard.swift */ = {isa = PBXFileReference; lastKnownFileType = sourcecode.swift; path = SectionCard.swift; sourceTree = "<group>"; };
		CE680DEF2EF54058009AFB20 /* NoctuaInternalSDK.xcframework */ = {isa = PBXFileReference; lastKnownFileType = wrapper.xcframework; name = NoctuaInternalSDK.xcframework; path = "../../../noctua-internal-native-sdk/sdk/ios-sdk/release/NoctuaInternalSDK.xcframework"; sourceTree = "<group>"; };
		CFE82EF6275CAEECE3470286 /* NoctuaSDKTests.xctest */ = {isa = PBXFileReference; explicitFileType = wrapper.cfbundle; includeInIndex = 0; path = NoctuaSDKTests.xctest; sourceTree = BUILT_PRODUCTS_DIR; };
		D5D905E9A19670A0C3761DB6 /* Pods_NoctuaSDKTests.framework */ = {isa = PBXFileReference; explicitFileType = wrapper.framework; includeInIndex = 0; path = Pods_NoctuaSDKTests.framework; sourceTree = BUILT_PRODUCTS_DIR; };
		DD4E5F6A7B8C9D0E1F2A3B4C /* EventStorageSection.swift */ = {isa = PBXFileReference; lastKnownFileType = sourcecode.swift; path = EventStorageSection.swift; sourceTree = "<group>"; };
		E1DBBA69B5215FB9082E45DB /* TestHelpers.swift */ = {isa = PBXFileReference; includeInIndex = 1; lastKnownFileType = sourcecode.swift; path = TestHelpers.swift; sourceTree = "<group>"; };
		E936AD22D3FCA69A4F8DB02B /* NoctuaSDKTests.xctest */ = {isa = PBXFileReference; explicitFileType = wrapper.cfbundle; includeInIndex = 0; path = NoctuaSDKTests.xctest; sourceTree = BUILT_PRODUCTS_DIR; };
		F172DEB83CA2B5F87FB9FC6F /* noctuagg_empty_clientid.json */ = {isa = PBXFileReference; includeInIndex = 1; lastKnownFileType = text.json; path = noctuagg_empty_clientid.json; sourceTree = "<group>"; };
		F1E1D4F40911E286EC42B17F /* MockNoctuaInternalService.swift */ = {isa = PBXFileReference; includeInIndex = 1; lastKnownFileType = sourcecode.swift; path = MockNoctuaInternalService.swift; sourceTree = "<group>"; };
		F1FAF6C837EBA83DAA01BC99 /* Pods-NoctuaSDKExample.debug.xcconfig */ = {isa = PBXFileReference; includeInIndex = 1; lastKnownFileType = text.xcconfig; name = "Pods-NoctuaSDKExample.debug.xcconfig"; path = "Target Support Files/Pods-NoctuaSDKExample/Pods-NoctuaSDKExample.debug.xcconfig"; sourceTree = "<group>"; };
		F5360DE41D3567BB2C801A7C /* NoctuaErrorTests.swift */ = {isa = PBXFileReference; includeInIndex = 1; lastKnownFileType = sourcecode.swift; path = NoctuaErrorTests.swift; sourceTree = "<group>"; };
		F69581917A977A6307DB3A17 /* StoreKitSection.swift */ = {isa = PBXFileReference; lastKnownFileType = sourcecode.swift; path = StoreKitSection.swift; sourceTree = "<group>"; };
		F6F74B1B6CDB776ED26A8686 /* Pods-NoctuaSDKExample.release.xcconfig */ = {isa = PBXFileReference; includeInIndex = 1; lastKnownFileType = text.xcconfig; name = "Pods-NoctuaSDKExample.release.xcconfig"; path = "Target Support Files/Pods-NoctuaSDKExample/Pods-NoctuaSDKExample.release.xcconfig"; sourceTree = "<group>"; };
		FA308DAE2789BF57B3B7AE66 /* MockNoctuaLogger.swift */ = {isa = PBXFileReference; includeInIndex = 1; lastKnownFileType = sourcecode.swift; path = MockNoctuaLogger.swift; sourceTree = "<group>"; };
		FCB2F44930246D4EA0046468 /* CurrencyQueryServiceTests.swift */ = {isa = PBXFileReference; includeInIndex = 1; lastKnownFileType = sourcecode.swift; path = CurrencyQueryServiceTests.swift; sourceTree = "<group>"; };
/* End PBXFileReference section */

/* Begin PBXFrameworksBuildPhase section */
		77759A69B4A812A0A5C187B2 /* Frameworks */ = {
			isa = PBXFrameworksBuildPhase;
			buildActionMask = 2147483647;
			files = (
				60D71C65CBEE4E1F1B3C365C /* Foundation.framework in Frameworks */,
				726385D5142032371CFBCB4E /* Pods_NoctuaSDKTests.framework in Frameworks */,
			);
			runOnlyForDeploymentPostprocessing = 0;
		};
		B135B7A22C5AF28B0091DCC8 /* Frameworks */ = {
			isa = PBXFrameworksBuildPhase;
			buildActionMask = 2147483647;
			files = (
				CE680DF02EF54058009AFB20 /* NoctuaInternalSDK.xcframework in Frameworks */,
				D25119BE80452416BBD02B51 /* Pods_NoctuaSDKExample.framework in Frameworks */,
			);
			runOnlyForDeploymentPostprocessing = 0;
		};
/* End PBXFrameworksBuildPhase section */

/* Begin PBXGroup section */
		19BAC38CE044BFD2A663A11B /* Mocks */ = {
			isa = PBXGroup;
			children = (
				FA308DAE2789BF57B3B7AE66 /* MockNoctuaLogger.swift */,
				AEE2FAFC2B922341AE8B1E58 /* MockTrackerService.swift */,
				37CB17B39C857C40A8BF0210 /* MockStoreKitService.swift */,
				7B9E631D532AB7166ACBDA38 /* MockAccountRepository.swift */,
				6F3998C9EA6C95C3BF0D0281 /* MockAdjustSpecific.swift */,
				AC7C67BD9E72ABBB73A4D7B1 /* MockFirebaseQueryService.swift */,
				F1E1D4F40911E286EC42B17F /* MockNoctuaInternalService.swift */,
				B2C3D4E5F6A7B8C9D0E1F2A3 /* MockPaymentQueue.swift */,
				C3D4E5F6A7B8C9D0E1F2A3B4 /* MockSKPaymentTransaction.swift */,
			);
			path = Mocks;
			sourceTree = "<group>";
		};
		2E56AAE58D5E08E32112DFFF /* Resources */ = {
			isa = PBXGroup;
			children = (
				53905BD88203F35152AB9AE7 /* noctuagg_valid.json */,
				9D83EF1D2F422023CB46ABFE /* noctuagg_invalid.json */,
				F172DEB83CA2B5F87FB9FC6F /* noctuagg_empty_clientid.json */,
			);
			path = Resources;
			sourceTree = "<group>";
		};
		3BBED74489D3E57E6881DFB6 /* NoctuaSDKTests */ = {
			isa = PBXGroup;
			children = (
				19BAC38CE044BFD2A663A11B /* Mocks */,
				59E102E3FBC6C4BABD2B5CE2 /* Helpers */,
				BE77DF5C37E6DF1FA5EBA5E3 /* Presenter */,
				E295D371C06FC9DD87ED89E9 /* Model */,
				B89E59E6C9A2873E840485CC /* Service */,
				2E56AAE58D5E08E32112DFFF /* Resources */,
				C22081DF2EDBA5426CCB8590 /* NoctuaPublicAPITests.swift */,
			);
			name = NoctuaSDKTests;
			path = ../NoctuaSDKTests;
			sourceTree = "<group>";
		};
		59E102E3FBC6C4BABD2B5CE2 /* Helpers */ = {
			isa = PBXGroup;
			children = (
				E1DBBA69B5215FB9082E45DB /* TestHelpers.swift */,
			);
			path = Helpers;
			sourceTree = "<group>";
		};
		662722CF398D0418A4A8B2D1 /* Pods */ = {
			isa = PBXGroup;
			children = (
				F1FAF6C837EBA83DAA01BC99 /* Pods-NoctuaSDKExample.debug.xcconfig */,
				F6F74B1B6CDB776ED26A8686 /* Pods-NoctuaSDKExample.release.xcconfig */,
				6D45EF21E547B3BCA2A0F09E /* Pods-NoctuaSDKTests.release.xcconfig */,
				2B60D516F2353BB29B88FE25 /* Pods-NoctuaSDKTests.debug.xcconfig */,
			);
			name = Pods;
			path = ../Pods;
			sourceTree = "<group>";
		};
		89C4BAEAF0A6B047861D7A0D /* iOS */ = {
			isa = PBXGroup;
			children = (
				0BCFE414F089C6272C8B9016 /* Foundation.framework */,
			);
			name = iOS;
			sourceTree = "<group>";
		};
		B135B79C2C5AF28B0091DCC8 = {
			isa = PBXGroup;
			children = (
				B135B7A72C5AF28B0091DCC8 /* NoctuaSDKExample */,
				B135B7A62C5AF28B0091DCC8 /* Products */,
				B135B7B62C5B1B400091DCC8 /* Frameworks */,
				3BBED74489D3E57E6881DFB6 /* NoctuaSDKTests */,
				662722CF398D0418A4A8B2D1 /* Pods */,
			);
			sourceTree = "<group>";
		};
		B135B7A62C5AF28B0091DCC8 /* Products */ = {
			isa = PBXGroup;
			children = (
				B135B7A52C5AF28B0091DCC8 /* NoctuaSDKExample.app */,
				1A95B2058782FF9CE2E2B3CE /* NoctuaSDKTests.xctest */,
				CFE82EF6275CAEECE3470286 /* NoctuaSDKTests.xctest */,
				B17408164C419F3C0F0A0E26 /* NoctuaSDKTests.xctest */,
				E936AD22D3FCA69A4F8DB02B /* NoctuaSDKTests.xctest */,
			);
			name = Products;
			sourceTree = "<group>";
		};
		B135B7A72C5AF28B0091DCC8 /* NoctuaSDKExample */ = {
			isa = PBXGroup;
			children = (
				B10EAD112CDF17CB00BE236F /* NoctuaSDKExample.entitlements */,
				B15F9B512C911AAD00006779 /* Info.plist */,
				0C3737F12C60DD3700880FB6 /* GoogleService-Info.plist */,
				B135B7A82C5AF28B0091DCC8 /* NoctuaSDKExampleApp.swift */,
				B135B7AA2C5AF28B0091DCC8 /* ContentView.swift */,
				B135B7AC2C5AF28D0091DCC8 /* Assets.xcassets */,
				B135B7AE2C5AF28D0091DCC8 /* Preview Content */,
				B135B7BE2C5B3A8D0091DCC8 /* noctuagg.json */,
				D83B10AB5053D5A6DAF3B55B /* Components */,
			);
			path = NoctuaSDKExample;
			sourceTree = "<group>";
		};
		B135B7AE2C5AF28D0091DCC8 /* Preview Content */ = {
			isa = PBXGroup;
			children = (
				B135B7AF2C5AF28D0091DCC8 /* Preview Assets.xcassets */,
			);
			path = "Preview Content";
			sourceTree = "<group>";
		};
		B135B7B62C5B1B400091DCC8 /* Frameworks */ = {
			isa = PBXGroup;
			children = (
				CE680DEF2EF54058009AFB20 /* NoctuaInternalSDK.xcframework */,
				B135B7B72C5B1B400091DCC8 /* NoctuaSDK.framework */,
				89C4BAEAF0A6B047861D7A0D /* iOS */,
				B8DC793FA6DDB617F1C9253F /* Pods_NoctuaSDKExample.framework */,
				D5D905E9A19670A0C3761DB6 /* Pods_NoctuaSDKTests.framework */,
			);
			name = Frameworks;
			sourceTree = "<group>";
		};
		B89E59E6C9A2873E840485CC /* Service */ = {
			isa = PBXGroup;
			children = (
				FCB2F44930246D4EA0046468 /* CurrencyQueryServiceTests.swift */,
				A1B2C3D4E5F6A7B8C9D0E1F2 /* StoreKit1ServiceTests.swift */,
			);
			path = Service;
			sourceTree = "<group>";
		};
		BE77DF5C37E6DF1FA5EBA5E3 /* Presenter */ = {
			isa = PBXGroup;
			children = (
				C92BCF9EF0F81E4BDF6E89E8 /* TrackerPresenterTests.swift */,
				80DF0367C166B4C482D74369 /* StoreKitPresenterTests.swift */,
				59A6405144F1FDFADB685C2A /* AccountPresenterTests.swift */,
				4E785285A45C3AF0D8A2F7A4 /* SessionPresenterTests.swift */,
			);
			path = Presenter;
			sourceTree = "<group>";
		};
		D83B10AB5053D5A6DAF3B55B /* Components */ = {
			isa = PBXGroup;
			children = (
				A28F7E910D9DBB1590E06C75 /* AccountSection.swift */,
				2763EFCD75B967592F03186F /* OtherSection.swift */,
				CD51ABE80E18EC7C8A3BC00A /* SectionCard.swift */,
				52C2792A227EEE3DEA87F830 /* SharedStyles.swift */,
				F69581917A977A6307DB3A17 /* StoreKitSection.swift */,
				1E2A644C035078285E3C281E /* TrackingSection.swift */,
				AA1B2C3D4E5F6A7B8C9D0E1F /* FirebaseSection.swift */,
				BB2C3D4E5F6A7B8C9D0E1F2A /* SessionSection.swift */,
				CC3D4E5F6A7B8C9D0E1F2A3B /* LifecycleSection.swift */,
				DD4E5F6A7B8C9D0E1F2A3B4C /* EventStorageSection.swift */,
			);
			path = Components;
			sourceTree = "<group>";
		};
		E295D371C06FC9DD87ED89E9 /* Model */ = {
			isa = PBXGroup;
			children = (
				B3B4AC4CBDB3E87964268B0E /* NoctuaConfigTests.swift */,
				C7B7187600DF3A0A6C022358 /* StoreKitModelTests.swift */,
				5CB36617E4C7187505EC82F6 /* AccountModelTests.swift */,
				F5360DE41D3567BB2C801A7C /* NoctuaErrorTests.swift */,
			);
			path = Model;
			sourceTree = "<group>";
		};
/* End PBXGroup section */

/* Begin PBXNativeTarget section */
		3530ABFC3426204A3F545EF1 /* NoctuaSDKTests */ = {
			isa = PBXNativeTarget;
			buildConfigurationList = 5DD482D5D868466DA0A511BF /* Build configuration list for PBXNativeTarget "NoctuaSDKTests" */;
			buildPhases = (
				A845E8B671AB78BFDB88C663 /* [CP] Check Pods Manifest.lock */,
				62E09881A4C4D9EBAD1EA4C4 /* Sources */,
				77759A69B4A812A0A5C187B2 /* Frameworks */,
				0C3916A68B9A6EC3CC31A75D /* Resources */,
			);
			buildRules = (
			);
			dependencies = (
				D27F2F95DC636FE2A380A37D /* PBXTargetDependency */,
			);
			name = NoctuaSDKTests;
			productName = NoctuaSDKTests;
			productReference = E936AD22D3FCA69A4F8DB02B /* NoctuaSDKTests.xctest */;
			productType = "com.apple.product-type.bundle.unit-test";
		};
		B135B7A42C5AF28B0091DCC8 /* NoctuaSDKExample */ = {
			isa = PBXNativeTarget;
			buildConfigurationList = B135B7B32C5AF28D0091DCC8 /* Build configuration list for PBXNativeTarget "NoctuaSDKExample" */;
			buildPhases = (
				3BA1F3D46B47DC9F5D787C0C /* [CP] Check Pods Manifest.lock */,
				B135B7A12C5AF28B0091DCC8 /* Sources */,
				B135B7A22C5AF28B0091DCC8 /* Frameworks */,
				B135B7A32C5AF28B0091DCC8 /* Resources */,
				CE680DF22EF54058009AFB20 /* Embed Frameworks */,
				9761E0B5E289E49F4AF5D064 /* [CP] Embed Pods Frameworks */,
			);
			buildRules = (
			);
			dependencies = (
			);
			name = NoctuaSDKExample;
			productName = NoctuaSDKExample;
			productReference = B135B7A52C5AF28B0091DCC8 /* NoctuaSDKExample.app */;
			productType = "com.apple.product-type.application";
		};
/* End PBXNativeTarget section */

/* Begin PBXProject section */
		B135B79D2C5AF28B0091DCC8 /* Project object */ = {
			isa = PBXProject;
			attributes = {
				BuildIndependentTargetsInParallel = 1;
				LastSwiftUpdateCheck = 1540;
				LastUpgradeCheck = 1540;
				TargetAttributes = {
					B135B7A42C5AF28B0091DCC8 = {
						CreatedOnToolsVersion = 15.4;
					};
				};
			};
			buildConfigurationList = B135B7A02C5AF28B0091DCC8 /* Build configuration list for PBXProject "NoctuaSDKExample" */;
			compatibilityVersion = "Xcode 14.0";
			developmentRegion = en;
			hasScannedForEncodings = 0;
			knownRegions = (
				en,
				Base,
			);
			mainGroup = B135B79C2C5AF28B0091DCC8;
			productRefGroup = B135B7A62C5AF28B0091DCC8 /* Products */;
			projectDirPath = "";
			projectRoot = "";
			targets = (
				B135B7A42C5AF28B0091DCC8 /* NoctuaSDKExample */,
				3530ABFC3426204A3F545EF1 /* NoctuaSDKTests */,
			);
		};
/* End PBXProject section */

/* Begin PBXResourcesBuildPhase section */
		0C3916A68B9A6EC3CC31A75D /* Resources */ = {
			isa = PBXResourcesBuildPhase;
			buildActionMask = 2147483647;
			files = (
				41A011E97EB202C1962E87D5 /* noctuagg_valid.json in Resources */,
				70443C88AC5C72F80BFD9246 /* noctuagg_invalid.json in Resources */,
				BFA45D72AB7F336DB5DC3A4B /* noctuagg_empty_clientid.json in Resources */,
			);
			runOnlyForDeploymentPostprocessing = 0;
		};
		B135B7A32C5AF28B0091DCC8 /* Resources */ = {
			isa = PBXResourcesBuildPhase;
			buildActionMask = 2147483647;
			files = (
				B135B7BF2C5B3A8D0091DCC8 /* noctuagg.json in Resources */,
				0C3737F22C60DD3700880FB6 /* GoogleService-Info.plist in Resources */,
				B135B7B02C5AF28D0091DCC8 /* Preview Assets.xcassets in Resources */,
				B135B7AD2C5AF28D0091DCC8 /* Assets.xcassets in Resources */,
			);
			runOnlyForDeploymentPostprocessing = 0;
		};
/* End PBXResourcesBuildPhase section */

/* Begin PBXShellScriptBuildPhase section */
		3BA1F3D46B47DC9F5D787C0C /* [CP] Check Pods Manifest.lock */ = {
			isa = PBXShellScriptBuildPhase;
			buildActionMask = 2147483647;
			files = (
			);
			inputFileListPaths = (
			);
			inputPaths = (
				"${PODS_PODFILE_DIR_PATH}/Podfile.lock",
				"${PODS_ROOT}/Manifest.lock",
			);
			name = "[CP] Check Pods Manifest.lock";
			outputFileListPaths = (
			);
			outputPaths = (
				"$(DERIVED_FILE_DIR)/Pods-NoctuaSDKExample-checkManifestLockResult.txt",
			);
			runOnlyForDeploymentPostprocessing = 0;
			shellPath = /bin/sh;
			shellScript = "diff \"${PODS_PODFILE_DIR_PATH}/Podfile.lock\" \"${PODS_ROOT}/Manifest.lock\" > /dev/null\nif [ $? != 0 ] ; then\n    # print error to STDERR\n    echo \"error: The sandbox is not in sync with the Podfile.lock. Run 'pod install' or update your CocoaPods installation.\" >&2\n    exit 1\nfi\n# This output is used by Xcode 'outputs' to avoid re-running this script phase.\necho \"SUCCESS\" > \"${SCRIPT_OUTPUT_FILE_0}\"\n";
			showEnvVarsInLog = 0;
		};
		9761E0B5E289E49F4AF5D064 /* [CP] Embed Pods Frameworks */ = {
			isa = PBXShellScriptBuildPhase;
			buildActionMask = 2147483647;
			files = (
			);
			inputFileListPaths = (
				"${PODS_ROOT}/Target Support Files/Pods-NoctuaSDKExample/Pods-NoctuaSDKExample-frameworks-${CONFIGURATION}-input-files.xcfilelist",
			);
			name = "[CP] Embed Pods Frameworks";
			outputFileListPaths = (
				"${PODS_ROOT}/Target Support Files/Pods-NoctuaSDKExample/Pods-NoctuaSDKExample-frameworks-${CONFIGURATION}-output-files.xcfilelist",
			);
			runOnlyForDeploymentPostprocessing = 0;
			shellPath = /bin/sh;
			shellScript = "\"${PODS_ROOT}/Target Support Files/Pods-NoctuaSDKExample/Pods-NoctuaSDKExample-frameworks.sh\"\n";
			showEnvVarsInLog = 0;
		};
		A845E8B671AB78BFDB88C663 /* [CP] Check Pods Manifest.lock */ = {
			isa = PBXShellScriptBuildPhase;
			buildActionMask = 2147483647;
			files = (
			);
			inputFileListPaths = (
			);
			inputPaths = (
				"${PODS_PODFILE_DIR_PATH}/Podfile.lock",
				"${PODS_ROOT}/Manifest.lock",
			);
			name = "[CP] Check Pods Manifest.lock";
			outputFileListPaths = (
			);
			outputPaths = (
				"$(DERIVED_FILE_DIR)/Pods-NoctuaSDKTests-checkManifestLockResult.txt",
			);
			runOnlyForDeploymentPostprocessing = 0;
			shellPath = /bin/sh;
			shellScript = "diff \"${PODS_PODFILE_DIR_PATH}/Podfile.lock\" \"${PODS_ROOT}/Manifest.lock\" > /dev/null\nif [ $? != 0 ] ; then\n    # print error to STDERR\n    echo \"error: The sandbox is not in sync with the Podfile.lock. Run 'pod install' or update your CocoaPods installation.\" >&2\n    exit 1\nfi\n# This output is used by Xcode 'outputs' to avoid re-running this script phase.\necho \"SUCCESS\" > \"${SCRIPT_OUTPUT_FILE_0}\"\n";
			showEnvVarsInLog = 0;
		};
/* End PBXShellScriptBuildPhase section */

/* Begin PBXSourcesBuildPhase section */
		62E09881A4C4D9EBAD1EA4C4 /* Sources */ = {
			isa = PBXSourcesBuildPhase;
			buildActionMask = 2147483647;
			files = (
				C7889FD59422BD434E310BEA /* MockNoctuaLogger.swift in Sources */,
				31A25B0BBAA7A8D8356B607C /* MockTrackerService.swift in Sources */,
				3F001B674EB6C4F982B28FE8 /* MockStoreKitService.swift in Sources */,
				10A46434FC001CF213DB93F7 /* MockAccountRepository.swift in Sources */,
				B2FF777D8B47AD8495ACD82D /* MockAdjustSpecific.swift in Sources */,
				C3E2F9CCB9EE640ED577BADC /* MockFirebaseQueryService.swift in Sources */,
				B44AE72B79E15275BAC520FD /* MockNoctuaInternalService.swift in Sources */,
				D12149303480339B1E2D8D69 /* TestHelpers.swift in Sources */,
				B995FE3A05D1C33B1FFB823F /* TrackerPresenterTests.swift in Sources */,
				2BF661B2362F5516E344A15E /* StoreKitPresenterTests.swift in Sources */,
				FEFBCC2571EB652A30D89EBF /* AccountPresenterTests.swift in Sources */,
				A4D2F8B92C862D4705B88F22 /* SessionPresenterTests.swift in Sources */,
				152C7092FC7D0BF7E4EDAA7F /* NoctuaConfigTests.swift in Sources */,
				54661D70E24233555C250BB7 /* StoreKitModelTests.swift in Sources */,
				8E70A278320838F3403B5DC4 /* AccountModelTests.swift in Sources */,
				CF224E0FF3883E58120F11E4 /* NoctuaErrorTests.swift in Sources */,
				850345BE6F782AED56B81F84 /* CurrencyQueryServiceTests.swift in Sources */,
				3A13D78E31DACD7079F7D7DC /* NoctuaPublicAPITests.swift in Sources */,
				D4E5F6A7B8C9D0E1F2A3B4C5 /* StoreKit1ServiceTests.swift in Sources */,
				E5F6A7B8C9D0E1F2A3B4C5D6 /* MockPaymentQueue.swift in Sources */,
				F6A7B8C9D0E1F2A3B4C5D6E7 /* MockSKPaymentTransaction.swift in Sources */,
			);
			runOnlyForDeploymentPostprocessing = 0;
		};
		B135B7A12C5AF28B0091DCC8 /* Sources */ = {
			isa = PBXSourcesBuildPhase;
			buildActionMask = 2147483647;
			files = (
				B135B7AB2C5AF28B0091DCC8 /* ContentView.swift in Sources */,
				B135B7A92C5AF28B0091DCC8 /* NoctuaSDKExampleApp.swift in Sources */,
				9A65F2623575F8C63273A403 /* SectionCard.swift in Sources */,
				9AE87070E719B29127351382 /* TrackingSection.swift in Sources */,
				498B145B83AB9D1985D68228 /* StoreKitSection.swift in Sources */,
				F9F58F8DCA1487E1D0DA0F8F /* SharedStyles.swift in Sources */,
				E8C578FEDBBA952F99EF4742 /* AccountSection.swift in Sources */,
				A8F5408273D06ABE1CB5C027 /* OtherSection.swift in Sources */,
				EE5F6A7B8C9D0E1F2A3B4C5D /* FirebaseSection.swift in Sources */,
				FF6A7B8C9D0E1F2A3B4C5D6E /* SessionSection.swift in Sources */,
				117B8C9D0E1F2A3B4C5D6E7F /* LifecycleSection.swift in Sources */,
				228C9D0E1F2A3B4C5D6E7F8A /* EventStorageSection.swift in Sources */,
			);
			runOnlyForDeploymentPostprocessing = 0;
		};
/* End PBXSourcesBuildPhase section */

/* Begin PBXTargetDependency section */
		D27F2F95DC636FE2A380A37D /* PBXTargetDependency */ = {
			isa = PBXTargetDependency;
			name = NoctuaSDKExample;
			target = B135B7A42C5AF28B0091DCC8 /* NoctuaSDKExample */;
			targetProxy = 5342114CDD9B8400ADCFBCAB /* PBXContainerItemProxy */;
		};
/* End PBXTargetDependency section */

/* Begin XCBuildConfiguration section */
		60CF9CAB89983A1A27ACCD4F /* Debug */ = {
			isa = XCBuildConfiguration;
			baseConfigurationReference = 2B60D516F2353BB29B88FE25 /* Pods-NoctuaSDKTests.debug.xcconfig */;
			buildSettings = {
				BUNDLE_LOADER = "$(TEST_HOST)";
				CLANG_ENABLE_OBJC_WEAK = NO;
				CODE_SIGN_STYLE = Automatic;
				DEVELOPMENT_TEAM = 2TFDF8BB6J;
				GENERATE_INFOPLIST_FILE = YES;
				INFOPLIST_FILE = "";
				IPHONEOS_DEPLOYMENT_TARGET = 15.0;
				PRODUCT_BUNDLE_IDENTIFIER = com.example.NoctuaSDKTests;
				PRODUCT_NAME = "$(TARGET_NAME)";
				SDKROOT = iphoneos;
				SWIFT_VERSION = 5.0;
				TEST_HOST = "$(BUILT_PRODUCTS_DIR)/NoctuaSDKExample.app/$(BUNDLE_EXECUTABLE_FOLDER_PATH)/NoctuaSDKExample";
			};
			name = Debug;
		};
		7EAFB5D1A2C09A4C831451AF /* Release */ = {
			isa = XCBuildConfiguration;
			baseConfigurationReference = 6D45EF21E547B3BCA2A0F09E /* Pods-NoctuaSDKTests.release.xcconfig */;
			buildSettings = {
				BUNDLE_LOADER = "$(TEST_HOST)";
				CLANG_ENABLE_OBJC_WEAK = NO;
				CODE_SIGN_STYLE = Automatic;
				DEVELOPMENT_TEAM = 2TFDF8BB6J;
				GENERATE_INFOPLIST_FILE = YES;
				INFOPLIST_FILE = "";
				IPHONEOS_DEPLOYMENT_TARGET = 15.0;
				PRODUCT_BUNDLE_IDENTIFIER = com.example.NoctuaSDKTests;
				PRODUCT_NAME = "$(TARGET_NAME)";
				SDKROOT = iphoneos;
				SWIFT_VERSION = 5.0;
				TEST_HOST = "$(BUILT_PRODUCTS_DIR)/NoctuaSDKExample.app/$(BUNDLE_EXECUTABLE_FOLDER_PATH)/NoctuaSDKExample";
				VALIDATE_PRODUCT = YES;
			};
			name = Release;
		};
		B135B7B12C5AF28D0091DCC8 /* Debug */ = {
			isa = XCBuildConfiguration;
			buildSettings = {
				ALWAYS_SEARCH_USER_PATHS = NO;
				ASSETCATALOG_COMPILER_GENERATE_SWIFT_ASSET_SYMBOL_EXTENSIONS = YES;
				CLANG_ANALYZER_NONNULL = YES;
				CLANG_ANALYZER_NUMBER_OBJECT_CONVERSION = YES_AGGRESSIVE;
				CLANG_CXX_LANGUAGE_STANDARD = "gnu++20";
				CLANG_ENABLE_MODULES = YES;
				CLANG_ENABLE_OBJC_ARC = YES;
				CLANG_ENABLE_OBJC_WEAK = YES;
				CLANG_WARN_BLOCK_CAPTURE_AUTORELEASING = YES;
				CLANG_WARN_BOOL_CONVERSION = YES;
				CLANG_WARN_COMMA = YES;
				CLANG_WARN_CONSTANT_CONVERSION = YES;
				CLANG_WARN_DEPRECATED_OBJC_IMPLEMENTATIONS = YES;
				CLANG_WARN_DIRECT_OBJC_ISA_USAGE = YES_ERROR;
				CLANG_WARN_DOCUMENTATION_COMMENTS = YES;
				CLANG_WARN_EMPTY_BODY = YES;
				CLANG_WARN_ENUM_CONVERSION = YES;
				CLANG_WARN_INFINITE_RECURSION = YES;
				CLANG_WARN_INT_CONVERSION = YES;
				CLANG_WARN_NON_LITERAL_NULL_CONVERSION = YES;
				CLANG_WARN_OBJC_IMPLICIT_RETAIN_SELF = YES;
				CLANG_WARN_OBJC_LITERAL_CONVERSION = YES;
				CLANG_WARN_OBJC_ROOT_CLASS = YES_ERROR;
				CLANG_WARN_QUOTED_INCLUDE_IN_FRAMEWORK_HEADER = YES;
				CLANG_WARN_RANGE_LOOP_ANALYSIS = YES;
				CLANG_WARN_STRICT_PROTOTYPES = YES;
				CLANG_WARN_SUSPICIOUS_MOVE = YES;
				CLANG_WARN_UNGUARDED_AVAILABILITY = YES_AGGRESSIVE;
				CLANG_WARN_UNREACHABLE_CODE = YES;
				CLANG_WARN__DUPLICATE_METHOD_MATCH = YES;
				COPY_PHASE_STRIP = NO;
				DEBUG_INFORMATION_FORMAT = dwarf;
				ENABLE_STRICT_OBJC_MSGSEND = YES;
				ENABLE_TESTABILITY = YES;
				ENABLE_USER_SCRIPT_SANDBOXING = YES;
				GCC_C_LANGUAGE_STANDARD = gnu17;
				GCC_DYNAMIC_NO_PIC = NO;
				GCC_NO_COMMON_BLOCKS = YES;
				GCC_OPTIMIZATION_LEVEL = 0;
				GCC_PREPROCESSOR_DEFINITIONS = (
					"DEBUG=1",
					"$(inherited)",
				);
				GCC_WARN_64_TO_32_BIT_CONVERSION = YES;
				GCC_WARN_ABOUT_RETURN_TYPE = YES_ERROR;
				GCC_WARN_UNDECLARED_SELECTOR = YES;
				GCC_WARN_UNINITIALIZED_AUTOS = YES_AGGRESSIVE;
				GCC_WARN_UNUSED_FUNCTION = YES;
				GCC_WARN_UNUSED_VARIABLE = YES;
				IPHONEOS_DEPLOYMENT_TARGET = 17.5;
				LOCALIZATION_PREFERS_STRING_CATALOGS = YES;
				MTL_ENABLE_DEBUG_INFO = INCLUDE_SOURCE;
				MTL_FAST_MATH = YES;
				ONLY_ACTIVE_ARCH = YES;
				SDKROOT = iphoneos;
				SWIFT_ACTIVE_COMPILATION_CONDITIONS = "DEBUG $(inherited)";
				SWIFT_OPTIMIZATION_LEVEL = "-Onone";
			};
			name = Debug;
		};
		B135B7B22C5AF28D0091DCC8 /* Release */ = {
			isa = XCBuildConfiguration;
			buildSettings = {
				ALWAYS_SEARCH_USER_PATHS = NO;
				ASSETCATALOG_COMPILER_GENERATE_SWIFT_ASSET_SYMBOL_EXTENSIONS = YES;
				CLANG_ANALYZER_NONNULL = YES;
				CLANG_ANALYZER_NUMBER_OBJECT_CONVERSION = YES_AGGRESSIVE;
				CLANG_CXX_LANGUAGE_STANDARD = "gnu++20";
				CLANG_ENABLE_MODULES = YES;
				CLANG_ENABLE_OBJC_ARC = YES;
				CLANG_ENABLE_OBJC_WEAK = YES;
				CLANG_WARN_BLOCK_CAPTURE_AUTORELEASING = YES;
				CLANG_WARN_BOOL_CONVERSION = YES;
				CLANG_WARN_COMMA = YES;
				CLANG_WARN_CONSTANT_CONVERSION = YES;
				CLANG_WARN_DEPRECATED_OBJC_IMPLEMENTATIONS = YES;
				CLANG_WARN_DIRECT_OBJC_ISA_USAGE = YES_ERROR;
				CLANG_WARN_DOCUMENTATION_COMMENTS = YES;
				CLANG_WARN_EMPTY_BODY = YES;
				CLANG_WARN_ENUM_CONVERSION = YES;
				CLANG_WARN_INFINITE_RECURSION = YES;
				CLANG_WARN_INT_CONVERSION = YES;
				CLANG_WARN_NON_LITERAL_NULL_CONVERSION = YES;
				CLANG_WARN_OBJC_IMPLICIT_RETAIN_SELF = YES;
				CLANG_WARN_OBJC_LITERAL_CONVERSION = YES;
				CLANG_WARN_OBJC_ROOT_CLASS = YES_ERROR;
				CLANG_WARN_QUOTED_INCLUDE_IN_FRAMEWORK_HEADER = YES;
				CLANG_WARN_RANGE_LOOP_ANALYSIS = YES;
				CLANG_WARN_STRICT_PROTOTYPES = YES;
				CLANG_WARN_SUSPICIOUS_MOVE = YES;
				CLANG_WARN_UNGUARDED_AVAILABILITY = YES_AGGRESSIVE;
				CLANG_WARN_UNREACHABLE_CODE = YES;
				CLANG_WARN__DUPLICATE_METHOD_MATCH = YES;
				COPY_PHASE_STRIP = NO;
				DEBUG_INFORMATION_FORMAT = "dwarf-with-dsym";
				ENABLE_NS_ASSERTIONS = NO;
				ENABLE_STRICT_OBJC_MSGSEND = YES;
				ENABLE_USER_SCRIPT_SANDBOXING = YES;
				GCC_C_LANGUAGE_STANDARD = gnu17;
				GCC_NO_COMMON_BLOCKS = YES;
				GCC_WARN_64_TO_32_BIT_CONVERSION = YES;
				GCC_WARN_ABOUT_RETURN_TYPE = YES_ERROR;
				GCC_WARN_UNDECLARED_SELECTOR = YES;
				GCC_WARN_UNINITIALIZED_AUTOS = YES_AGGRESSIVE;
				GCC_WARN_UNUSED_FUNCTION = YES;
				GCC_WARN_UNUSED_VARIABLE = YES;
				IPHONEOS_DEPLOYMENT_TARGET = 17.5;
				LOCALIZATION_PREFERS_STRING_CATALOGS = YES;
				MTL_ENABLE_DEBUG_INFO = NO;
				MTL_FAST_MATH = YES;
				SDKROOT = iphoneos;
				SWIFT_COMPILATION_MODE = wholemodule;
				VALIDATE_PRODUCT = YES;
			};
			name = Release;
		};
		B135B7B42C5AF28D0091DCC8 /* Debug */ = {
			isa = XCBuildConfiguration;
			baseConfigurationReference = F1FAF6C837EBA83DAA01BC99 /* Pods-NoctuaSDKExample.debug.xcconfig */;
			buildSettings = {
				ASSETCATALOG_COMPILER_APPICON_NAME = AppIcon;
				ASSETCATALOG_COMPILER_GLOBAL_ACCENT_COLOR_NAME = AccentColor;
				CODE_SIGN_ENTITLEMENTS = NoctuaSDKExample/NoctuaSDKExample.entitlements;
				CODE_SIGN_IDENTITY = "Apple Development";
				CODE_SIGN_STYLE = Automatic;
				CURRENT_PROJECT_VERSION = 1;
				DEVELOPMENT_ASSET_PATHS = "\"NoctuaSDKExample/Preview Content\"";
				DEVELOPMENT_TEAM = 2TFDF8BB6J;
				ENABLE_PREVIEWS = YES;
				ENABLE_USER_SCRIPT_SANDBOXING = NO;
				GENERATE_INFOPLIST_FILE = YES;
				INFOPLIST_FILE = NoctuaSDKExample/Info.plist;
				INFOPLIST_KEY_CFBundleDisplayName = "iOS SDK Test";
				INFOPLIST_KEY_LSApplicationCategoryType = "public.app-category.games";
				INFOPLIST_KEY_UIApplicationSceneManifest_Generation = YES;
				INFOPLIST_KEY_UIApplicationSupportsIndirectInputEvents = YES;
				INFOPLIST_KEY_UILaunchScreen_Generation = YES;
				INFOPLIST_KEY_UISupportedInterfaceOrientations_iPad = "UIInterfaceOrientationPortrait UIInterfaceOrientationPortraitUpsideDown UIInterfaceOrientationLandscapeLeft UIInterfaceOrientationLandscapeRight";
				INFOPLIST_KEY_UISupportedInterfaceOrientations_iPhone = "UIInterfaceOrientationPortrait UIInterfaceOrientationLandscapeLeft UIInterfaceOrientationLandscapeRight";
				IPHONEOS_DEPLOYMENT_TARGET = 15.0;
				LD_RUNPATH_SEARCH_PATHS = (
					"$(inherited)",
					"@executable_path/Frameworks",
				);
				MARKETING_VERSION = 1.0;
				MERGEABLE_LIBRARY = NO;
				MERGED_BINARY_TYPE = automatic;
				PRODUCT_BUNDLE_IDENTIFIER = com.noctuagames.ios.sdktest;
				PRODUCT_NAME = "$(TARGET_NAME)";
				PROVISIONING_PROFILE_SPECIFIER = "";
				SWIFT_EMIT_LOC_STRINGS = YES;
				SWIFT_VERSION = 5.0;
				TARGETED_DEVICE_FAMILY = "1,2";
			};
			name = Debug;
		};
		B135B7B52C5AF28D0091DCC8 /* Release */ = {
			isa = XCBuildConfiguration;
			baseConfigurationReference = F6F74B1B6CDB776ED26A8686 /* Pods-NoctuaSDKExample.release.xcconfig */;
			buildSettings = {
				ASSETCATALOG_COMPILER_APPICON_NAME = AppIcon;
				ASSETCATALOG_COMPILER_GLOBAL_ACCENT_COLOR_NAME = AccentColor;
				CODE_SIGN_ENTITLEMENTS = NoctuaSDKExample/NoctuaSDKExample.entitlements;
				CODE_SIGN_IDENTITY = "Apple Development";
				CODE_SIGN_STYLE = Automatic;
				CURRENT_PROJECT_VERSION = 1;
				DEVELOPMENT_ASSET_PATHS = "\"NoctuaSDKExample/Preview Content\"";
				DEVELOPMENT_TEAM = 2TFDF8BB6J;
				ENABLE_PREVIEWS = YES;
				ENABLE_USER_SCRIPT_SANDBOXING = NO;
				GENERATE_INFOPLIST_FILE = YES;
				INFOPLIST_FILE = NoctuaSDKExample/Info.plist;
				INFOPLIST_KEY_CFBundleDisplayName = "iOS SDK Test";
				INFOPLIST_KEY_LSApplicationCategoryType = "public.app-category.games";
				INFOPLIST_KEY_UIApplicationSceneManifest_Generation = YES;
				INFOPLIST_KEY_UIApplicationSupportsIndirectInputEvents = YES;
				INFOPLIST_KEY_UILaunchScreen_Generation = YES;
				INFOPLIST_KEY_UISupportedInterfaceOrientations_iPad = "UIInterfaceOrientationPortrait UIInterfaceOrientationPortraitUpsideDown UIInterfaceOrientationLandscapeLeft UIInterfaceOrientationLandscapeRight";
				INFOPLIST_KEY_UISupportedInterfaceOrientations_iPhone = "UIInterfaceOrientationPortrait UIInterfaceOrientationLandscapeLeft UIInterfaceOrientationLandscapeRight";
				IPHONEOS_DEPLOYMENT_TARGET = 15.0;
				LD_RUNPATH_SEARCH_PATHS = (
					"$(inherited)",
					"@executable_path/Frameworks",
				);
				MARKETING_VERSION = 1.0;
				MERGEABLE_LIBRARY = NO;
				MERGED_BINARY_TYPE = automatic;
				PRODUCT_BUNDLE_IDENTIFIER = com.noctuagames.ios.sdktest;
				PRODUCT_NAME = "$(TARGET_NAME)";
				PROVISIONING_PROFILE_SPECIFIER = "";
				SWIFT_EMIT_LOC_STRINGS = YES;
				SWIFT_VERSION = 5.0;
				TARGETED_DEVICE_FAMILY = "1,2";
			};
			name = Release;
		};
/* End XCBuildConfiguration section */

/* Begin XCConfigurationList section */
		5DD482D5D868466DA0A511BF /* Build configuration list for PBXNativeTarget "NoctuaSDKTests" */ = {
			isa = XCConfigurationList;
			buildConfigurations = (
				7EAFB5D1A2C09A4C831451AF /* Release */,
				60CF9CAB89983A1A27ACCD4F /* Debug */,
			);
			defaultConfigurationIsVisible = 0;
			defaultConfigurationName = Release;
		};
		B135B7A02C5AF28B0091DCC8 /* Build configuration list for PBXProject "NoctuaSDKExample" */ = {
			isa = XCConfigurationList;
			buildConfigurations = (
				B135B7B12C5AF28D0091DCC8 /* Debug */,
				B135B7B22C5AF28D0091DCC8 /* Release */,
			);
			defaultConfigurationIsVisible = 0;
			defaultConfigurationName = Debug;
		};
		B135B7B32C5AF28D0091DCC8 /* Build configuration list for PBXNativeTarget "NoctuaSDKExample" */ = {
			isa = XCConfigurationList;
			buildConfigurations = (
				B135B7B42C5AF28D0091DCC8 /* Debug */,
				B135B7B52C5AF28D0091DCC8 /* Release */,
			);
			defaultConfigurationIsVisible = 0;
			defaultConfigurationName = Debug;
		};
/* End XCConfigurationList section */
	};
	rootObject = B135B79D2C5AF28B0091DCC8 /* Project object */;
}
