PODS:
  - Adjust (4.38.4):
    - Adjust/Core (= 4.38.4)
  - Adjust/Core (4.38.4)
  - NoctuaSDK (0.1.3):
    - NoctuaSDK/Core (= 0.1.3)
  - NoctuaSDK/Adjust (0.1.3):
    - Adjust (~> 4.38.4)
  - NoctuaSDK/Core (0.1.3)

DEPENDENCIES:
  - NoctuaSDK (from `..`)
  - NoctuaSDK/Adjust (from `..`)

SPEC REPOS:
  trunk:
    - Adjust

EXTERNAL SOURCES:
  NoctuaSDK:
    :path: ".."

SPEC CHECKSUMS:
  Adjust: afda46df69f035fd216310fb85f399c40c61830a
  NoctuaSDK: 03fd996a5ffac959f1fbd101fd3f7a26350501df

PODFILE CHECKSUM: 052f6a58ad70eb8b80f68409f38f4e2486cc2413

COCOAPODS: 1.15.2
